{
    "version": 3,
    "terraform_version": "0.11.14",
    "serial": 2,
    "lineage": "c364871a-fe7e-0a7d-59e9-63b822aab8b9",
    "modules": [
        {
            "path": [
                "root"
            ],
            "outputs": {},
            "resources": {
                "digitalocean_droplet.nginx_droplet.0": {
                    "type": "digitalocean_droplet",
                    "depends_on": [],
                    "primary": {
                        "id": "145194271",
                        "attributes": {
                            "backups": "false",
                            "disk": "20",
                            "id": "145194271",
                            "image": "ubuntu-18-04-x64",
                            "ipv4_address": "157.230.218.248",
                            "ipv4_address_private": "10.136.199.17",
                            "ipv6": "false",
                            "ipv6_address": "",
                            "ipv6_address_private": "",
                            "locked": "false",
                            "memory": "512",
                            "monitoring": "false",
                            "name": "nginx-0",
                            "price_hourly": "0.00744",
                            "price_monthly": "5",
                            "private_networking": "true",
                            "region": "nyc1",
                            "resize_disk": "true",
                            "size": "512mb",
                            "status": "active",
                            "tags.#": "0",
                            "urn": "do:droplet:145194271",
                            "vcpus": "1",
                            "volume_ids.#": "0"
                        },
                        "meta": {
                            "schema_version": "1"
                        },
                        "tainted": true
                    },
                    "deposed": [],
                    "provider": "provider.digitalocean"
                },
                "digitalocean_droplet.nginx_droplet.1": {
                    "type": "digitalocean_droplet",
                    "depends_on": [],
                    "primary": {
                        "id": "145194272",
                        "attributes": {
                            "backups": "false",
                            "disk": "20",
                            "id": "145194272",
                            "image": "ubuntu-18-04-x64",
                            "ipv4_address": "157.230.183.14",
                            "ipv4_address_private": "10.136.198.243",
                            "ipv6": "false",
                            "ipv6_address": "",
                            "ipv6_address_private": "",
                            "locked": "false",
                            "memory": "512",
                            "monitoring": "false",
                            "name": "nginx-1",
                            "price_hourly": "0.00744",
                            "price_monthly": "5",
                            "private_networking": "true",
                            "region": "nyc1",
                            "resize_disk": "true",
                            "size": "512mb",
                            "status": "active",
                            "tags.#": "0",
                            "urn": "do:droplet:145194272",
                            "vcpus": "1",
                            "volume_ids.#": "0"
                        },
                        "meta": {
                            "schema_version": "1"
                        },
                        "tainted": true
                    },
                    "deposed": [],
                    "provider": "provider.digitalocean"
                }
            },
            "depends_on": []
        }
    ]
}
